
Microsoft Visual Studio Solution File, Format Version 12.00
Project("{FAE04EC0-301F-11D3-BF4B-00C04F79EFBC}") = "ZweigEngine.Application", "ZweigEngine.Application\ZweigEngine.Application.csproj", "{0669103A-27E3-49B0-8052-14C9DD9C6FC3}"
EndProject
Project("{FAE04EC0-301F-11D3-BF4B-00C04F79EFBC}") = "ZweigEngine.Common", "ZweigEngine.Common\ZweigEngine.Common.csproj", "{BC84A2D9-52D7-4A0B-9377-1B4F4B11B2DA}"
EndProject
Project("{FAE04EC0-301F-11D3-BF4B-00C04F79EFBC}") = "ZweigEngine.Image.TGA", "ZweigEngine.Image.TGA\ZweigEngine.Image.TGA.csproj", "{E80B8EE0-92B3-4FA5-A542-7A4BA90EC4DD}"
EndProject
Project("{FAE04EC0-301F-11D3-BF4B-00C04F79EFBC}") = "ZweigEngine.Image.DDS", "ZweigEngine.Image.DDS\ZweigEngine.Image.DDS.csproj", "{0ACCBAFC-EBF4-4CF2-A056-95C2DE29A6B2}"
EndProject
Project("{FAE04EC0-301F-11D3-BF4B-00C04F79EFBC}") = "ZweigEngine.Platform.Windows", "ZweigEngine.Platform.Windows\ZweigEngine.Platform.Windows.csproj", "{8D4D0D48-242A-401F-A196-7EE079E5915E}"
EndProject
Project("{FAE04EC0-301F-11D3-BF4B-00C04F79EFBC}") = "ZweigEngine.Video.OpenGL", "ZweigEngine.Video.OpenGL\ZweigEngine.Video.OpenGL.csproj", "{21D8719E-C415-4F71-9DE7-0DBB1567D275}"
EndProject
Global
	GlobalSection(SolutionConfigurationPlatforms) = preSolution
		Debug|Any CPU = Debug|Any CPU
		Release|Any CPU = Release|Any CPU
	EndGlobalSection
	GlobalSection(ProjectConfigurationPlatforms) = postSolution
		{0669103A-27E3-49B0-8052-14C9DD9C6FC3}.Debug|Any CPU.ActiveCfg = Debug|Any CPU
		{0669103A-27E3-49B0-8052-14C9DD9C6FC3}.Debug|Any CPU.Build.0 = Debug|Any CPU
		{0669103A-27E3-49B0-8052-14C9DD9C6FC3}.Release|Any CPU.ActiveCfg = Release|Any CPU
		{0669103A-27E3-49B0-8052-14C9DD9C6FC3}.Release|Any CPU.Build.0 = Release|Any CPU
		{BC84A2D9-52D7-4A0B-9377-1B4F4B11B2DA}.Debug|Any CPU.ActiveCfg = Debug|Any CPU
		{BC84A2D9-52D7-4A0B-9377-1B4F4B11B2DA}.Debug|Any CPU.Build.0 = Debug|Any CPU
		{BC84A2D9-52D7-4A0B-9377-1B4F4B11B2DA}.Release|Any CPU.ActiveCfg = Release|Any CPU
		{BC84A2D9-52D7-4A0B-9377-1B4F4B11B2DA}.Release|Any CPU.Build.0 = Release|Any CPU
		{E80B8EE0-92B3-4FA5-A542-7A4BA90EC4DD}.Debug|Any CPU.ActiveCfg = Debug|Any CPU
		{E80B8EE0-92B3-4FA5-A542-7A4BA90EC4DD}.Debug|Any CPU.Build.0 = Debug|Any CPU
		{E80B8EE0-92B3-4FA5-A542-7A4BA90EC4DD}.Release|Any CPU.ActiveCfg = Release|Any CPU
		{E80B8EE0-92B3-4FA5-A542-7A4BA90EC4DD}.Release|Any CPU.Build.0 = Release|Any CPU
		{0ACCBAFC-EBF4-4CF2-A056-95C2DE29A6B2}.Debug|Any CPU.ActiveCfg = Debug|Any CPU
		{0ACCBAFC-EBF4-4CF2-A056-95C2DE29A6B2}.Debug|Any CPU.Build.0 = Debug|Any CPU
		{0ACCBAFC-EBF4-4CF2-A056-95C2DE29A6B2}.Release|Any CPU.ActiveCfg = Release|Any CPU
		{0ACCBAFC-EBF4-4CF2-A056-95C2DE29A6B2}.Release|Any CPU.Build.0 = Release|Any CPU
		{8D4D0D48-242A-401F-A196-7EE079E5915E}.Debug|Any CPU.ActiveCfg = Debug|Any CPU
		{8D4D0D48-242A-401F-A196-7EE079E5915E}.Debug|Any CPU.Build.0 = Debug|Any CPU
		{8D4D0D48-242A-401F-A196-7EE079E5915E}.Release|Any CPU.ActiveCfg = Release|Any CPU
		{8D4D0D48-242A-401F-A196-7EE079E5915E}.Release|Any CPU.Build.0 = Release|Any CPU
		{21D8719E-C415-4F71-9DE7-0DBB1567D275}.Debug|Any CPU.ActiveCfg = Debug|Any CPU
		{21D8719E-C415-4F71-9DE7-0DBB1567D275}.Debug|Any CPU.Build.0 = Debug|Any CPU
		{21D8719E-C415-4F71-9DE7-0DBB1567D275}.Release|Any CPU.ActiveCfg = Release|Any CPU
		{21D8719E-C415-4F71-9DE7-0DBB1567D275}.Release|Any CPU.Build.0 = Release|Any CPU
	EndGlobalSection
EndGlobal
